
Microsoft Visual Studio Solution File, Format Version 12.00
# Visual Studio Version 16
VisualStudioVersion = 16.0.29503.13
MinimumVisualStudioVersion = 10.0.40219.1
Project("{FAE04EC0-301F-11D3-BF4B-00C04F79EFBC}") = "PhoneBookPoC.Android", "PhoneBookPoC\PhoneBookPoC.Android\PhoneBookPoC.Android.csproj", "{CABF655E-4524-42E6-A76C-D5CBF854AC2E}"
EndProject
Project("{FAE04EC0-301F-11D3-BF4B-00C04F79EFBC}") = "PhoneBookPoC.iOS", "PhoneBookPoC\PhoneBookPoC.iOS\PhoneBookPoC.iOS.csproj", "{B7C4EA9D-BB34-478D-B162-8AF45EFA3D47}"
EndProject
Project("{FAE04EC0-301F-11D3-BF4B-00C04F79EFBC}") = "PhoneBookPoC", "PhoneBookPoC\PhoneBookPoC\PhoneBookPoC.csproj", "{6F23F1B4-EEC6-4923-B642-37061FF784EB}"
EndProject
Global
	GlobalSection(SolutionConfigurationPlatforms) = preSolution
		Debug|Any CPU = Debug|Any CPU
		Debug|iPhone = Debug|iPhone
		Debug|iPhoneSimulator = Debug|iPhoneSimulator
		Release|Any CPU = Release|Any CPU
		Release|iPhone = Release|iPhone
		Release|iPhoneSimulator = Release|iPhoneSimulator
	EndGlobalSection
	GlobalSection(ProjectConfigurationPlatforms) = postSolution
		{CABF655E-4524-42E6-A76C-D5CBF854AC2E}.Debug|Any CPU.ActiveCfg = Debug|Any CPU
		{CABF655E-4524-42E6-A76C-D5CBF854AC2E}.Debug|Any CPU.Build.0 = Debug|Any CPU
		{CABF655E-4524-42E6-A76C-D5CBF854AC2E}.Debug|Any CPU.Deploy.0 = Debug|Any CPU
		{CABF655E-4524-42E6-A76C-D5CBF854AC2E}.Debug|iPhone.ActiveCfg = Debug|Any CPU
		{CABF655E-4524-42E6-A76C-D5CBF854AC2E}.Debug|iPhone.Build.0 = Debug|Any CPU
		{CABF655E-4524-42E6-A76C-D5CBF854AC2E}.Debug|iPhone.Deploy.0 = Debug|Any CPU
		{CABF655E-4524-42E6-A76C-D5CBF854AC2E}.Debug|iPhoneSimulator.ActiveCfg = Debug|Any CPU
		{CABF655E-4524-42E6-A76C-D5CBF854AC2E}.Debug|iPhoneSimulator.Build.0 = Debug|Any CPU
		{CABF655E-4524-42E6-A76C-D5CBF854AC2E}.Debug|iPhoneSimulator.Deploy.0 = Debug|Any CPU
		{CABF655E-4524-42E6-A76C-D5CBF854AC2E}.Release|Any CPU.ActiveCfg = Release|Any CPU
		{CABF655E-4524-42E6-A76C-D5CBF854AC2E}.Release|Any CPU.Build.0 = Release|Any CPU
		{CABF655E-4524-42E6-A76C-D5CBF854AC2E}.Release|Any CPU.Deploy.0 = Release|Any CPU
		{CABF655E-4524-42E6-A76C-D5CBF854AC2E}.Release|iPhone.ActiveCfg = Release|Any CPU
		{CABF655E-4524-42E6-A76C-D5CBF854AC2E}.Release|iPhone.Build.0 = Release|Any CPU
		{CABF655E-4524-42E6-A76C-D5CBF854AC2E}.Release|iPhone.Deploy.0 = Release|Any CPU
		{CABF655E-4524-42E6-A76C-D5CBF854AC2E}.Release|iPhoneSimulator.ActiveCfg = Release|Any CPU
		{CABF655E-4524-42E6-A76C-D5CBF854AC2E}.Release|iPhoneSimulator.Build.0 = Release|Any CPU
		{CABF655E-4524-42E6-A76C-D5CBF854AC2E}.Release|iPhoneSimulator.Deploy.0 = Release|Any CPU
		{B7C4EA9D-BB34-478D-B162-8AF45EFA3D47}.Debug|Any CPU.ActiveCfg = Debug|iPhoneSimulator
		{B7C4EA9D-BB34-478D-B162-8AF45EFA3D47}.Debug|Any CPU.Build.0 = Debug|iPhoneSimulator
		{B7C4EA9D-BB34-478D-B162-8AF45EFA3D47}.Debug|Any CPU.Deploy.0 = Debug|iPhoneSimulator
		{B7C4EA9D-BB34-478D-B162-8AF45EFA3D47}.Debug|iPhone.ActiveCfg = Debug|iPhone
		{B7C4EA9D-BB34-478D-B162-8AF45EFA3D47}.Debug|iPhone.Build.0 = Debug|iPhone
		{B7C4EA9D-BB34-478D-B162-8AF45EFA3D47}.Debug|iPhone.Deploy.0 = Debug|iPhone
		{B7C4EA9D-BB34-478D-B162-8AF45EFA3D47}.Debug|iPhoneSimulator.ActiveCfg = Debug|iPhoneSimulator
		{B7C4EA9D-BB34-478D-B162-8AF45EFA3D47}.Debug|iPhoneSimulator.Build.0 = Debug|iPhoneSimulator
		{B7C4EA9D-BB34-478D-B162-8AF45EFA3D47}.Debug|iPhoneSimulator.Deploy.0 = Debug|iPhoneSimulator
		{B7C4EA9D-BB34-478D-B162-8AF45EFA3D47}.Release|Any CPU.ActiveCfg = Release|iPhone
		{B7C4EA9D-BB34-478D-B162-8AF45EFA3D47}.Release|Any CPU.Build.0 = Release|iPhone
		{B7C4EA9D-BB34-478D-B162-8AF45EFA3D47}.Release|Any CPU.Deploy.0 = Release|iPhone
		{B7C4EA9D-BB34-478D-B162-8AF45EFA3D47}.Release|iPhone.ActiveCfg = Release|iPhone
		{B7C4EA9D-BB34-478D-B162-8AF45EFA3D47}.Release|iPhone.Build.0 = Release|iPhone
		{B7C4EA9D-BB34-478D-B162-8AF45EFA3D47}.Release|iPhone.Deploy.0 = Release|iPhone
		{B7C4EA9D-BB34-478D-B162-8AF45EFA3D47}.Release|iPhoneSimulator.ActiveCfg = Release|iPhoneSimulator
		{B7C4EA9D-BB34-478D-B162-8AF45EFA3D47}.Release|iPhoneSimulator.Build.0 = Release|iPhoneSimulator
		{B7C4EA9D-BB34-478D-B162-8AF45EFA3D47}.Release|iPhoneSimulator.Deploy.0 = Release|iPhoneSimulator
		{6F23F1B4-EEC6-4923-B642-37061FF784EB}.Debug|Any CPU.ActiveCfg = Debug|Any CPU
		{6F23F1B4-EEC6-4923-B642-37061FF784EB}.Debug|Any CPU.Build.0 = Debug|Any CPU
		{6F23F1B4-EEC6-4923-B642-37061FF784EB}.Debug|Any CPU.Deploy.0 = Debug|Any CPU
		{6F23F1B4-EEC6-4923-B642-37061FF784EB}.Debug|iPhone.ActiveCfg = Debug|Any CPU
		{6F23F1B4-EEC6-4923-B642-37061FF784EB}.Debug|iPhone.Build.0 = Debug|Any CPU
		{6F23F1B4-EEC6-4923-B642-37061FF784EB}.Debug|iPhone.Deploy.0 = Debug|Any CPU
		{6F23F1B4-EEC6-4923-B642-37061FF784EB}.Debug|iPhoneSimulator.ActiveCfg = Debug|Any CPU
		{6F23F1B4-EEC6-4923-B642-37061FF784EB}.Debug|iPhoneSimulator.Build.0 = Debug|Any CPU
		{6F23F1B4-EEC6-4923-B642-37061FF784EB}.Debug|iPhoneSimulator.Deploy.0 = Debug|Any CPU
		{6F23F1B4-EEC6-4923-B642-37061FF784EB}.Release|Any CPU.ActiveCfg = Release|Any CPU
		{6F23F1B4-EEC6-4923-B642-37061FF784EB}.Release|Any CPU.Build.0 = Release|Any CPU
		{6F23F1B4-EEC6-4923-B642-37061FF784EB}.Release|Any CPU.Deploy.0 = Release|Any CPU
		{6F23F1B4-EEC6-4923-B642-37061FF784EB}.Release|iPhone.ActiveCfg = Release|Any CPU
		{6F23F1B4-EEC6-4923-B642-37061FF784EB}.Release|iPhone.Build.0 = Release|Any CPU
		{6F23F1B4-EEC6-4923-B642-37061FF784EB}.Release|iPhone.Deploy.0 = Release|Any CPU
		{6F23F1B4-EEC6-4923-B642-37061FF784EB}.Release|iPhoneSimulator.ActiveCfg = Release|Any CPU
		{6F23F1B4-EEC6-4923-B642-37061FF784EB}.Release|iPhoneSimulator.Build.0 = Release|Any CPU
		{6F23F1B4-EEC6-4923-B642-37061FF784EB}.Release|iPhoneSimulator.Deploy.0 = Release|Any CPU
	EndGlobalSection
	GlobalSection(SolutionProperties) = preSolution
		HideSolutionNode = FALSE
	EndGlobalSection
	GlobalSection(ExtensibilityGlobals) = postSolution
		SolutionGuid = {0458336A-7C45-408D-979E-1C50AC988E07}
	EndGlobalSection
EndGlobal
